
Microsoft Visual Studio Solution File, Format Version 11.00
# Visual Web Developer Express 2010
Project("{E24C65DC-7377-472B-9ABA-BC803B73C61A}") = "localhost", "http://localhost:63109", "{56E12217-C826-4C1D-8675-00A33DA6499C}"
	ProjectSection(WebsiteProperties) = preProject
		UseIISExpress = "true"
		TargetFrameworkMoniker = ".NETFramework,Version%3Dv4.0"
		Debug.AspNetCompiler.VirtualPath = "/DungeonLog.Web"
		Debug.AspNetCompiler.PhysicalPath = "DungeonLog.Web\"
		Debug.AspNetCompiler.TargetPath = "PrecompiledWeb\DungeonLog.Web\"
		Debug.AspNetCompiler.Updateable = "true"
		Debug.AspNetCompiler.ForceOverwrite = "true"
		Debug.AspNetCompiler.FixedNames = "false"
		Debug.AspNetCompiler.Debug = "True"
		Release.AspNetCompiler.VirtualPath = "/DungeonLog.Web"
		Release.AspNetCompiler.PhysicalPath = "DungeonLog.Web\"
		Release.AspNetCompiler.TargetPath = "PrecompiledWeb\DungeonLog.Web\"
		Release.AspNetCompiler.Updateable = "true"
		Release.AspNetCompiler.ForceOverwrite = "true"
		Release.AspNetCompiler.FixedNames = "false"
		Release.AspNetCompiler.Debug = "False"
		SlnRelativePath = "DungeonLog.Web\"
	EndProjectSection
EndProject
Project("{FAE04EC0-301F-11D3-BF4B-00C04F79EFBC}") = "DungeonLog.Models", "DungeonLog.Models\DungeonLog.Models.csproj", "{477BE8D6-BEFB-4D31-9741-5159F9D2D9A7}"
EndProject
Global
	GlobalSection(SolutionConfigurationPlatforms) = preSolution
		Debug|Any CPU = Debug|Any CPU
		Release|Any CPU = Release|Any CPU
	EndGlobalSection
	GlobalSection(ProjectConfigurationPlatforms) = postSolution
		{56E12217-C826-4C1D-8675-00A33DA6499C}.Debug|Any CPU.ActiveCfg = Debug|Any CPU
		{56E12217-C826-4C1D-8675-00A33DA6499C}.Debug|Any CPU.Build.0 = Debug|Any CPU
		{56E12217-C826-4C1D-8675-00A33DA6499C}.Release|Any CPU.ActiveCfg = Debug|Any CPU
		{56E12217-C826-4C1D-8675-00A33DA6499C}.Release|Any CPU.Build.0 = Debug|Any CPU
		{477BE8D6-BEFB-4D31-9741-5159F9D2D9A7}.Debug|Any CPU.ActiveCfg = Debug|Any CPU
		{477BE8D6-BEFB-4D31-9741-5159F9D2D9A7}.Debug|Any CPU.Build.0 = Debug|Any CPU
		{477BE8D6-BEFB-4D31-9741-5159F9D2D9A7}.Release|Any CPU.ActiveCfg = Release|Any CPU
		{477BE8D6-BEFB-4D31-9741-5159F9D2D9A7}.Release|Any CPU.Build.0 = Release|Any CPU
	EndGlobalSection
	GlobalSection(SolutionProperties) = preSolution
		HideSolutionNode = FALSE
	EndGlobalSection
EndGlobal
